
Microsoft Visual Studio Solution File, Format Version 12.00
# Visual Studio 15
VisualStudioVersion = 15.0.28010.2036
MinimumVisualStudioVersion = 10.0.40219.1
Project("{FAE04EC0-301F-11D3-BF4B-00C04F79EFBC}") = "MulMatrices", "MulMatrices\MulMatrices.csproj", "{FC3F9326-72CF-4B8F-92C2-8BEB04A3F6B9}"
EndProject
Global
	GlobalSection(SolutionConfigurationPlatforms) = preSolution
		Debug|Any CPU = Debug|Any CPU
		Release|Any CPU = Release|Any CPU
	EndGlobalSection
	GlobalSection(ProjectConfigurationPlatforms) = postSolution
		{FC3F9326-72CF-4B8F-92C2-8BEB04A3F6B9}.Debug|Any CPU.ActiveCfg = Debug|Any CPU
		{FC3F9326-72CF-4B8F-92C2-8BEB04A3F6B9}.Debug|Any CPU.Build.0 = Debug|Any CPU
		{FC3F9326-72CF-4B8F-92C2-8BEB04A3F6B9}.Release|Any CPU.ActiveCfg = Release|Any CPU
		{FC3F9326-72CF-4B8F-92C2-8BEB04A3F6B9}.Release|Any CPU.Build.0 = Release|Any CPU
	EndGlobalSection
	GlobalSection(SolutionProperties) = preSolution
		HideSolutionNode = FALSE
	EndGlobalSection
	GlobalSection(ExtensibilityGlobals) = postSolution
		SolutionGuid = {BF32FA8A-23ED-4444-8567-19432FB57F13}
	EndGlobalSection
EndGlobal
